
Microsoft Visual Studio Solution File, Format Version 12.00
# Visual Studio Version 17
VisualStudioVersion = 17.8.34525.116
MinimumVisualStudioVersion = 10.0.40219.1
Project("{FAE04EC0-301F-11D3-BF4B-00C04F79EFBC}") = "TP08", "TP08.csproj", "{9B50D254-D81D-434D-83B7-7ABFBBC60EBB}"
EndProject
Global
	GlobalSection(SolutionConfigurationPlatforms) = preSolution
		Debug|Any CPU = Debug|Any CPU
		Release|Any CPU = Release|Any CPU
	EndGlobalSection
	GlobalSection(ProjectConfigurationPlatforms) = postSolution
		{9B50D254-D81D-434D-83B7-7ABFBBC60EBB}.Debug|Any CPU.ActiveCfg = Debug|Any CPU
		{9B50D254-D81D-434D-83B7-7ABFBBC60EBB}.Debug|Any CPU.Build.0 = Debug|Any CPU
		{9B50D254-D81D-434D-83B7-7ABFBBC60EBB}.Release|Any CPU.ActiveCfg = Release|Any CPU
		{9B50D254-D81D-434D-83B7-7ABFBBC60EBB}.Release|Any CPU.Build.0 = Release|Any CPU
	EndGlobalSection
	GlobalSection(SolutionProperties) = preSolution
		HideSolutionNode = FALSE
	EndGlobalSection
	GlobalSection(ExtensibilityGlobals) = postSolution
		SolutionGuid = {06F88ABD-CB50-4ADE-8786-0DE4E5BD4BC7}
	EndGlobalSection
EndGlobal
